// !$*UTF8*$!
{
	archiveVersion = 1;
	classes = {
	};
	objectVersion = 46;
	objects = {

/* Begin PBXBuildFile section */
		DB1088EA17AFD5F00086BC71 /* Security.framework in Frameworks */ = {isa = PBXBuildFile; fileRef = DB1088E917AFD5F00086BC71 /* Security.framework */; };
		DB2D1F9817A3FF4900183A59 /* MainWindowController.m in Sources */ = {isa = PBXBuildFile; fileRef = DB2D1F9617A3FF4900183A59 /* MainWindowController.m */; };
		DB2D1F9917A3FF4900183A59 /* MainWindowController.m in Sources */ = {isa = PBXBuildFile; fileRef = DB2D1F9617A3FF4900183A59 /* MainWindowController.m */; };
		DB2D1F9A17A3FF4900183A59 /* MainWindowController.xib in Resources */ = {isa = PBXBuildFile; fileRef = DB2D1F9717A3FF4900183A59 /* MainWindowController.xib */; };
		DB2D1F9B17A3FF4900183A59 /* MainWindowController.xib in Resources */ = {isa = PBXBuildFile; fileRef = DB2D1F9717A3FF4900183A59 /* MainWindowController.xib */; };
		DB4E6B4B17BBB1DB0079BA92 /* StartStreamTemplate.png in Resources */ = {isa = PBXBuildFile; fileRef = DB4E6B4A17BBB1DB0079BA92 /* StartStreamTemplate.png */; };
		DB4E6B4C17BBB1DB0079BA92 /* StartStreamTemplate.png in Resources */ = {isa = PBXBuildFile; fileRef = DB4E6B4A17BBB1DB0079BA92 /* StartStreamTemplate.png */; };
		DB4E6B4E17BBB23A0079BA92 /* StopStreamTemplate.png in Resources */ = {isa = PBXBuildFile; fileRef = DB4E6B4D17BBB23A0079BA92 /* StopStreamTemplate.png */; };
		DB4E6B4F17BBB23A0079BA92 /* StopStreamTemplate.png in Resources */ = {isa = PBXBuildFile; fileRef = DB4E6B4D17BBB23A0079BA92 /* StopStreamTemplate.png */; };
		DB4E6B5717BBB2750079BA92 /* ImportCommunityTemplate.png in Resources */ = {isa = PBXBuildFile; fileRef = DB4E6B5617BBB2750079BA92 /* ImportCommunityTemplate.png */; };
		DB4E6B5817BBB2750079BA92 /* ImportCommunityTemplate.png in Resources */ = {isa = PBXBuildFile; fileRef = DB4E6B5617BBB2750079BA92 /* ImportCommunityTemplate.png */; };
		DB4E6B5A17BBB27F0079BA92 /* PreferencesTemplate.png in Resources */ = {isa = PBXBuildFile; fileRef = DB4E6B5917BBB27F0079BA92 /* PreferencesTemplate.png */; };
		DB4E6B5B17BBB27F0079BA92 /* PreferencesTemplate.png in Resources */ = {isa = PBXBuildFile; fileRef = DB4E6B5917BBB27F0079BA92 /* PreferencesTemplate.png */; };
		DB5BA5AC17B3B115004B8B0A /* ConfirmationWindowController.m in Sources */ = {isa = PBXBuildFile; fileRef = DB5BA5AA17B3B115004B8B0A /* ConfirmationWindowController.m */; };
		DB5BA5AD17B3B115004B8B0A /* ConfirmationWindowController.m in Sources */ = {isa = PBXBuildFile; fileRef = DB5BA5AA17B3B115004B8B0A /* ConfirmationWindowController.m */; };
		DB5BA5AE17B3B115004B8B0A /* ConfirmationWindowController.xib in Resources */ = {isa = PBXBuildFile; fileRef = DB5BA5AB17B3B115004B8B0A /* ConfirmationWindowController.xib */; };
		DB5BA5AF17B3B115004B8B0A /* ConfirmationWindowController.xib in Resources */ = {isa = PBXBuildFile; fileRef = DB5BA5AB17B3B115004B8B0A /* ConfirmationWindowController.xib */; };
		DB650FD617A15A1100B46806 /* AlertManager.m in Sources */ = {isa = PBXBuildFile; fileRef = DB650FD517A15A1100B46806 /* AlertManager.m */; };
		DB650FD717A15A1100B46806 /* AlertManager.m in Sources */ = {isa = PBXBuildFile; fileRef = DB650FD517A15A1100B46806 /* AlertManager.m */; };
		DB650FDC17A16A5500B46806 /* TestAccount.plist in Resources */ = {isa = PBXBuildFile; fileRef = DB650FD817A1650900B46806 /* TestAccount.plist */; };
		DB69268317B3BFE400027BBC /* ImportCommunityWindowController.m in Sources */ = {isa = PBXBuildFile; fileRef = DB69268117B3BFE400027BBC /* ImportCommunityWindowController.m */; };
		DB69268417B3BFE400027BBC /* ImportCommunityWindowController.m in Sources */ = {isa = PBXBuildFile; fileRef = DB69268117B3BFE400027BBC /* ImportCommunityWindowController.m */; };
		DB69268517B3BFE400027BBC /* ImportCommunityWindowController.xib in Resources */ = {isa = PBXBuildFile; fileRef = DB69268217B3BFE400027BBC /* ImportCommunityWindowController.xib */; };
		DB69268617B3BFE400027BBC /* ImportCommunityWindowController.xib in Resources */ = {isa = PBXBuildFile; fileRef = DB69268217B3BFE400027BBC /* ImportCommunityWindowController.xib */; };
		DB76445517B5FF70003A79B6 /* AlertLogScrollView.m in Sources */ = {isa = PBXBuildFile; fileRef = DB76445417B5FF70003A79B6 /* AlertLogScrollView.m */; };
		DB76445617B5FF70003A79B6 /* AlertLogScrollView.m in Sources */ = {isa = PBXBuildFile; fileRef = DB76445417B5FF70003A79B6 /* AlertLogScrollView.m */; };
		DB8B346317BCEE1D001423E4 /* DefaultSound.aiff in Resources */ = {isa = PBXBuildFile; fileRef = DB8B346117BCEE1D001423E4 /* DefaultSound.aiff */; };
		DB8B346417BCEE1D001423E4 /* DefaultSound.aiff in Resources */ = {isa = PBXBuildFile; fileRef = DB8B346117BCEE1D001423E4 /* DefaultSound.aiff */; };
		DB8B346517BCEE1D001423E4 /* OptionSound.aiff in Resources */ = {isa = PBXBuildFile; fileRef = DB8B346217BCEE1D001423E4 /* OptionSound.aiff */; };
		DB8B346617BCEE1D001423E4 /* OptionSound.aiff in Resources */ = {isa = PBXBuildFile; fileRef = DB8B346217BCEE1D001423E4 /* OptionSound.aiff */; };
		DBBE509B17BBE83A005D5C9B /* icon.icns in Resources */ = {isa = PBXBuildFile; fileRef = DBBE509A17BBE83A005D5C9B /* icon.icns */; };
		DBBE509C17BBE83A005D5C9B /* icon.icns in Resources */ = {isa = PBXBuildFile; fileRef = DBBE509A17BBE83A005D5C9B /* icon.icns */; };
		DBBE50A217BBF862005D5C9B /* AddCommunityTemplate.png in Resources */ = {isa = PBXBuildFile; fileRef = DBBE50A017BBF862005D5C9B /* AddCommunityTemplate.png */; };
		DBBE50A317BBF862005D5C9B /* AddCommunityTemplate.png in Resources */ = {isa = PBXBuildFile; fileRef = DBBE50A017BBF862005D5C9B /* AddCommunityTemplate.png */; };
		DBBE50A417BBF862005D5C9B /* RemoveCommunityTemplate.png in Resources */ = {isa = PBXBuildFile; fileRef = DBBE50A117BBF862005D5C9B /* RemoveCommunityTemplate.png */; };
		DBBE50A517BBF862005D5C9B /* RemoveCommunityTemplate.png in Resources */ = {isa = PBXBuildFile; fileRef = DBBE50A117BBF862005D5C9B /* RemoveCommunityTemplate.png */; };
		DBBE50A717BC158C005D5C9B /* Security.framework in Frameworks */ = {isa = PBXBuildFile; fileRef = DB1088E917AFD5F00086BC71 /* Security.framework */; };
		DBD2AB1417A2D625005AA7EF /* PreferencesWindowController.m in Sources */ = {isa = PBXBuildFile; fileRef = DBD2AB1217A2D625005AA7EF /* PreferencesWindowController.m */; };
		DBD2AB1517A2D625005AA7EF /* PreferencesWindowController.m in Sources */ = {isa = PBXBuildFile; fileRef = DBD2AB1217A2D625005AA7EF /* PreferencesWindowController.m */; };
		DBD2AB1617A2D625005AA7EF /* PreferencesWindowController.xib in Resources */ = {isa = PBXBuildFile; fileRef = DBD2AB1317A2D625005AA7EF /* PreferencesWindowController.xib */; };
		DBD2AB1717A2D625005AA7EF /* PreferencesWindowController.xib in Resources */ = {isa = PBXBuildFile; fileRef = DBD2AB1317A2D625005AA7EF /* PreferencesWindowController.xib */; };
		DBD33B99179C3706003A41F9 /* Cocoa.framework in Frameworks */ = {isa = PBXBuildFile; fileRef = DBD33B98179C3706003A41F9 /* Cocoa.framework */; };
		DBD33BA3179C3706003A41F9 /* InfoPlist.strings in Resources */ = {isa = PBXBuildFile; fileRef = DBD33BA1179C3706003A41F9 /* InfoPlist.strings */; };
		DBD33BA5179C3706003A41F9 /* main.m in Sources */ = {isa = PBXBuildFile; fileRef = DBD33BA4179C3706003A41F9 /* main.m */; };
		DBD33BA9179C3706003A41F9 /* Credits.rtf in Resources */ = {isa = PBXBuildFile; fileRef = DBD33BA7179C3706003A41F9 /* Credits.rtf */; };
		DBD33BAC179C3706003A41F9 /* AppDelegate.m in Sources */ = {isa = PBXBuildFile; fileRef = DBD33BAB179C3706003A41F9 /* AppDelegate.m */; };
		DBD33BAF179C3707003A41F9 /* MainMenu.xib in Resources */ = {isa = PBXBuildFile; fileRef = DBD33BAD179C3707003A41F9 /* MainMenu.xib */; };
		DBD33BB2179C3707003A41F9 /* AnkokuAlert.xcdatamodeld in Sources */ = {isa = PBXBuildFile; fileRef = DBD33BB0179C3707003A41F9 /* AnkokuAlert.xcdatamodeld */; };
		DBD33BBA179C3707003A41F9 /* SenTestingKit.framework in Frameworks */ = {isa = PBXBuildFile; fileRef = DBD33BB9179C3707003A41F9 /* SenTestingKit.framework */; };
		DBD33BBB179C3707003A41F9 /* Cocoa.framework in Frameworks */ = {isa = PBXBuildFile; fileRef = DBD33B98179C3706003A41F9 /* Cocoa.framework */; };
		DBD33BC3179C3707003A41F9 /* InfoPlist.strings in Resources */ = {isa = PBXBuildFile; fileRef = DBD33BC1179C3707003A41F9 /* InfoPlist.strings */; };
		DBD33BC6179C3707003A41F9 /* AnkokuAlertTests.m in Sources */ = {isa = PBXBuildFile; fileRef = DBD33BC5179C3707003A41F9 /* AnkokuAlertTests.m */; };
		DCDED27FE53EFA610062E207 /* libPods.a in Frameworks */ = {isa = PBXBuildFile; fileRef = 1D3721E8B32936BBB6F8D402 /* libPods.a */; };
		ED4E6A7E17B0E5A900B008CB /* _MOCommunity.m in Sources */ = {isa = PBXBuildFile; fileRef = ED4E6A7B17B0E5A900B008CB /* _MOCommunity.m */; };
		ED4E6A7F17B0E5A900B008CB /* _MOCommunity.m in Sources */ = {isa = PBXBuildFile; fileRef = ED4E6A7B17B0E5A900B008CB /* _MOCommunity.m */; };
		ED4E6A8017B0E5A900B008CB /* MOCommunity.m in Sources */ = {isa = PBXBuildFile; fileRef = ED4E6A7D17B0E5A900B008CB /* MOCommunity.m */; };
		ED4E6A8117B0E5A900B008CB /* MOCommunity.m in Sources */ = {isa = PBXBuildFile; fileRef = ED4E6A7D17B0E5A900B008CB /* MOCommunity.m */; };
		ED4E6AF217B0EBC700B008CB /* CoreData.framework in Frameworks */ = {isa = PBXBuildFile; fileRef = DBD33B9C179C3706003A41F9 /* CoreData.framework */; };
		ED7DC34417B225C1007A9D8F /* _MOAccount.m in Sources */ = {isa = PBXBuildFile; fileRef = ED7DC34117B225C1007A9D8F /* _MOAccount.m */; };
		ED7DC34517B225C1007A9D8F /* _MOAccount.m in Sources */ = {isa = PBXBuildFile; fileRef = ED7DC34117B225C1007A9D8F /* _MOAccount.m */; };
		ED7DC34617B225C1007A9D8F /* MOAccount.m in Sources */ = {isa = PBXBuildFile; fileRef = ED7DC34317B225C1007A9D8F /* MOAccount.m */; };
		ED7DC34717B225C1007A9D8F /* MOAccount.m in Sources */ = {isa = PBXBuildFile; fileRef = ED7DC34317B225C1007A9D8F /* MOAccount.m */; };
		EDCE607C17B4C860005B4C67 /* NSString+CompareCommunityId.m in Sources */ = {isa = PBXBuildFile; fileRef = EDCE607B17B4C860005B4C67 /* NSString+CompareCommunityId.m */; };
		EDCE607D17B4C860005B4C67 /* NSString+CompareCommunityId.m in Sources */ = {isa = PBXBuildFile; fileRef = EDCE607B17B4C860005B4C67 /* NSString+CompareCommunityId.m */; };
/* End PBXBuildFile section */

/* Begin PBXContainerItemProxy section */
		DBD33BBC179C3707003A41F9 /* PBXContainerItemProxy */ = {
			isa = PBXContainerItemProxy;
			containerPortal = DBD33B8D179C3706003A41F9 /* Project object */;
			proxyType = 1;
			remoteGlobalIDString = DBD33B94179C3706003A41F9;
			remoteInfo = AnkokuAlert;
		};
/* End PBXContainerItemProxy section */

/* Begin PBXFileReference section */
		1D3721E8B32936BBB6F8D402 /* libPods.a */ = {isa = PBXFileReference; explicitFileType = archive.ar; includeInIndex = 0; path = libPods.a; sourceTree = BUILT_PRODUCTS_DIR; };
		4230068D339E942CB552E82D /* Pods.test.xcconfig */ = {isa = PBXFileReference; includeInIndex = 1; lastKnownFileType = text.xcconfig; name = Pods.test.xcconfig; path = "Pods/Target Support Files/Pods/Pods.test.xcconfig"; sourceTree = "<group>"; };
		B079C8B88C0757FCB21023A2 /* Pods.debug.xcconfig */ = {isa = PBXFileReference; includeInIndex = 1; lastKnownFileType = text.xcconfig; name = Pods.debug.xcconfig; path = "Pods/Target Support Files/Pods/Pods.debug.xcconfig"; sourceTree = "<group>"; };
		D0FD6B1291D902E7ACC38562 /* Pods.release.xcconfig */ = {isa = PBXFileReference; includeInIndex = 1; lastKnownFileType = text.xcconfig; name = Pods.release.xcconfig; path = "Pods/Target Support Files/Pods/Pods.release.xcconfig"; sourceTree = "<group>"; };
		DB1088E917AFD5F00086BC71 /* Security.framework */ = {isa = PBXFileReference; lastKnownFileType = wrapper.framework; name = Security.framework; path = System/Library/Frameworks/Security.framework; sourceTree = SDKROOT; };
		DB2D1F9517A3FF4900183A59 /* MainWindowController.h */ = {isa = PBXFileReference; fileEncoding = 4; lastKnownFileType = sourcecode.c.h; path = MainWindowController.h; sourceTree = "<group>"; };
		DB2D1F9617A3FF4900183A59 /* MainWindowController.m */ = {isa = PBXFileReference; fileEncoding = 4; lastKnownFileType = sourcecode.c.objc; path = MainWindowController.m; sourceTree = "<group>"; };
		DB2D1F9717A3FF4900183A59 /* MainWindowController.xib */ = {isa = PBXFileReference; fileEncoding = 4; lastKnownFileType = file.xib; path = MainWindowController.xib; sourceTree = "<group>"; };
		DB4E6B4A17BBB1DB0079BA92 /* StartStreamTemplate.png */ = {isa = PBXFileReference; lastKnownFileType = image.png; name = StartStreamTemplate.png; path = Resources/StartStreamTemplate.png; sourceTree = "<group>"; };
		DB4E6B4D17BBB23A0079BA92 /* StopStreamTemplate.png */ = {isa = PBXFileReference; lastKnownFileType = image.png; name = StopStreamTemplate.png; path = Resources/StopStreamTemplate.png; sourceTree = "<group>"; };
		DB4E6B5617BBB2750079BA92 /* ImportCommunityTemplate.png */ = {isa = PBXFileReference; lastKnownFileType = image.png; name = ImportCommunityTemplate.png; path = Resources/ImportCommunityTemplate.png; sourceTree = "<group>"; };
		DB4E6B5917BBB27F0079BA92 /* PreferencesTemplate.png */ = {isa = PBXFileReference; lastKnownFileType = image.png; name = PreferencesTemplate.png; path = Resources/PreferencesTemplate.png; sourceTree = "<group>"; };
		DB5BA5A917B3B115004B8B0A /* ConfirmationWindowController.h */ = {isa = PBXFileReference; fileEncoding = 4; lastKnownFileType = sourcecode.c.h; path = ConfirmationWindowController.h; sourceTree = "<group>"; };
		DB5BA5AA17B3B115004B8B0A /* ConfirmationWindowController.m */ = {isa = PBXFileReference; fileEncoding = 4; lastKnownFileType = sourcecode.c.objc; path = ConfirmationWindowController.m; sourceTree = "<group>"; };
		DB5BA5AB17B3B115004B8B0A /* ConfirmationWindowController.xib */ = {isa = PBXFileReference; fileEncoding = 4; lastKnownFileType = file.xib; path = ConfirmationWindowController.xib; sourceTree = "<group>"; };
		DB650FD417A15A1100B46806 /* AlertManager.h */ = {isa = PBXFileReference; fileEncoding = 4; lastKnownFileType = sourcecode.c.h; path = AlertManager.h; sourceTree = "<group>"; };
		DB650FD517A15A1100B46806 /* AlertManager.m */ = {isa = PBXFileReference; fileEncoding = 4; lastKnownFileType = sourcecode.c.objc; path = AlertManager.m; sourceTree = "<group>"; };
		DB650FD817A1650900B46806 /* TestAccount.plist */ = {isa = PBXFileReference; fileEncoding = 4; lastKnownFileType = text.plist.xml; path = TestAccount.plist; sourceTree = "<group>"; };
		DB650FDA17A165B000B46806 /* TestAccount.plist.sample */ = {isa = PBXFileReference; fileEncoding = 4; lastKnownFileType = text.xml; path = TestAccount.plist.sample; sourceTree = "<group>"; };
		DB69268017B3BFE400027BBC /* ImportCommunityWindowController.h */ = {isa = PBXFileReference; fileEncoding = 4; lastKnownFileType = sourcecode.c.h; path = ImportCommunityWindowController.h; sourceTree = "<group>"; };
		DB69268117B3BFE400027BBC /* ImportCommunityWindowController.m */ = {isa = PBXFileReference; fileEncoding = 4; lastKnownFileType = sourcecode.c.objc; path = ImportCommunityWindowController.m; sourceTree = "<group>"; };
		DB69268217B3BFE400027BBC /* ImportCommunityWindowController.xib */ = {isa = PBXFileReference; fileEncoding = 4; lastKnownFileType = file.xib; path = ImportCommunityWindowController.xib; sourceTree = "<group>"; };
		DB76445317B5FF70003A79B6 /* AlertLogScrollView.h */ = {isa = PBXFileReference; fileEncoding = 4; lastKnownFileType = sourcecode.c.h; path = AlertLogScrollView.h; sourceTree = "<group>"; };
		DB76445417B5FF70003A79B6 /* AlertLogScrollView.m */ = {isa = PBXFileReference; fileEncoding = 4; lastKnownFileType = sourcecode.c.objc; path = AlertLogScrollView.m; sourceTree = "<group>"; };
		DB8B346117BCEE1D001423E4 /* DefaultSound.aiff */ = {isa = PBXFileReference; lastKnownFileType = audio.aiff; name = DefaultSound.aiff; path = Resources/DefaultSound.aiff; sourceTree = "<group>"; };
		DB8B346217BCEE1D001423E4 /* OptionSound.aiff */ = {isa = PBXFileReference; lastKnownFileType = audio.aiff; name = OptionSound.aiff; path = Resources/OptionSound.aiff; sourceTree = "<group>"; };
		DBBE509A17BBE83A005D5C9B /* icon.icns */ = {isa = PBXFileReference; lastKnownFileType = image.icns; name = icon.icns; path = Resources/icon.icns; sourceTree = "<group>"; };
		DBBE50A017BBF862005D5C9B /* AddCommunityTemplate.png */ = {isa = PBXFileReference; lastKnownFileType = image.png; name = AddCommunityTemplate.png; path = Resources/AddCommunityTemplate.png; sourceTree = "<group>"; };
		DBBE50A117BBF862005D5C9B /* RemoveCommunityTemplate.png */ = {isa = PBXFileReference; lastKnownFileType = image.png; name = RemoveCommunityTemplate.png; path = Resources/RemoveCommunityTemplate.png; sourceTree = "<group>"; };
		DBBE50A617BC0F54005D5C9B /* AnkokuAlert.entitlements */ = {isa = PBXFileReference; lastKnownFileType = text.xml; path = AnkokuAlert.entitlements; sourceTree = "<group>"; };
		DBD2AB1117A2D625005AA7EF /* PreferencesWindowController.h */ = {isa = PBXFileReference; fileEncoding = 4; lastKnownFileType = sourcecode.c.h; path = PreferencesWindowController.h; sourceTree = "<group>"; };
		DBD2AB1217A2D625005AA7EF /* PreferencesWindowController.m */ = {isa = PBXFileReference; fileEncoding = 4; lastKnownFileType = sourcecode.c.objc; path = PreferencesWindowController.m; sourceTree = "<group>"; };
		DBD2AB1317A2D625005AA7EF /* PreferencesWindowController.xib */ = {isa = PBXFileReference; fileEncoding = 4; lastKnownFileType = file.xib; path = PreferencesWindowController.xib; sourceTree = "<group>"; };
		DBD33B95179C3706003A41F9 /* AnkokuAlert.app */ = {isa = PBXFileReference; explicitFileType = wrapper.application; includeInIndex = 0; path = AnkokuAlert.app; sourceTree = BUILT_PRODUCTS_DIR; };
		DBD33B98179C3706003A41F9 /* Cocoa.framework */ = {isa = PBXFileReference; lastKnownFileType = wrapper.framework; name = Cocoa.framework; path = System/Library/Frameworks/Cocoa.framework; sourceTree = SDKROOT; };
		DBD33B9B179C3706003A41F9 /* AppKit.framework */ = {isa = PBXFileReference; lastKnownFileType = wrapper.framework; name = AppKit.framework; path = System/Library/Frameworks/AppKit.framework; sourceTree = SDKROOT; };
		DBD33B9C179C3706003A41F9 /* CoreData.framework */ = {isa = PBXFileReference; lastKnownFileType = wrapper.framework; name = CoreData.framework; path = System/Library/Frameworks/CoreData.framework; sourceTree = SDKROOT; };
		DBD33B9D179C3706003A41F9 /* Foundation.framework */ = {isa = PBXFileReference; lastKnownFileType = wrapper.framework; name = Foundation.framework; path = System/Library/Frameworks/Foundation.framework; sourceTree = SDKROOT; };
		DBD33BA0179C3706003A41F9 /* AnkokuAlert-Info.plist */ = {isa = PBXFileReference; lastKnownFileType = text.plist.xml; path = "AnkokuAlert-Info.plist"; sourceTree = "<group>"; };
		DBD33BA2179C3706003A41F9 /* en */ = {isa = PBXFileReference; lastKnownFileType = text.plist.strings; name = en; path = en.lproj/InfoPlist.strings; sourceTree = "<group>"; };
		DBD33BA4179C3706003A41F9 /* main.m */ = {isa = PBXFileReference; lastKnownFileType = sourcecode.c.objc; path = main.m; sourceTree = "<group>"; };
		DBD33BA6179C3706003A41F9 /* AnkokuAlert-Prefix.pch */ = {isa = PBXFileReference; lastKnownFileType = sourcecode.c.h; path = "AnkokuAlert-Prefix.pch"; sourceTree = "<group>"; };
		DBD33BA8179C3706003A41F9 /* en */ = {isa = PBXFileReference; lastKnownFileType = text.rtf; name = en; path = en.lproj/Credits.rtf; sourceTree = "<group>"; };
		DBD33BAA179C3706003A41F9 /* AppDelegate.h */ = {isa = PBXFileReference; lastKnownFileType = sourcecode.c.h; path = AppDelegate.h; sourceTree = "<group>"; };
		DBD33BAB179C3706003A41F9 /* AppDelegate.m */ = {isa = PBXFileReference; lastKnownFileType = sourcecode.c.objc; path = AppDelegate.m; sourceTree = "<group>"; };
		DBD33BAE179C3707003A41F9 /* en */ = {isa = PBXFileReference; lastKnownFileType = file.xib; name = en; path = en.lproj/MainMenu.xib; sourceTree = "<group>"; };
		DBD33BB1179C3707003A41F9 /* AnkokuAlert.xcdatamodel */ = {isa = PBXFileReference; lastKnownFileType = wrapper.xcdatamodel; path = AnkokuAlert.xcdatamodel; sourceTree = "<group>"; };
		DBD33BB8179C3707003A41F9 /* AnkokuAlertTests.octest */ = {isa = PBXFileReference; explicitFileType = wrapper.cfbundle; includeInIndex = 0; path = AnkokuAlertTests.octest; sourceTree = BUILT_PRODUCTS_DIR; };
		DBD33BB9179C3707003A41F9 /* SenTestingKit.framework */ = {isa = PBXFileReference; lastKnownFileType = wrapper.framework; name = SenTestingKit.framework; path = Library/Frameworks/SenTestingKit.framework; sourceTree = DEVELOPER_DIR; };
		DBD33BC0179C3707003A41F9 /* AnkokuAlertTests-Info.plist */ = {isa = PBXFileReference; lastKnownFileType = text.plist.xml; path = "AnkokuAlertTests-Info.plist"; sourceTree = "<group>"; };
		DBD33BC2179C3707003A41F9 /* en */ = {isa = PBXFileReference; lastKnownFileType = text.plist.strings; name = en; path = en.lproj/InfoPlist.strings; sourceTree = "<group>"; };
		DBD33BC4179C3707003A41F9 /* AnkokuAlertTests.h */ = {isa = PBXFileReference; lastKnownFileType = sourcecode.c.h; path = AnkokuAlertTests.h; sourceTree = "<group>"; };
		DBD33BC5179C3707003A41F9 /* AnkokuAlertTests.m */ = {isa = PBXFileReference; lastKnownFileType = sourcecode.c.objc; path = AnkokuAlertTests.m; sourceTree = "<group>"; };
		ED4E6A7A17B0E5A900B008CB /* _MOCommunity.h */ = {isa = PBXFileReference; fileEncoding = 4; lastKnownFileType = sourcecode.c.h; path = _MOCommunity.h; sourceTree = "<group>"; };
		ED4E6A7B17B0E5A900B008CB /* _MOCommunity.m */ = {isa = PBXFileReference; fileEncoding = 4; lastKnownFileType = sourcecode.c.objc; path = _MOCommunity.m; sourceTree = "<group>"; };
		ED4E6A7C17B0E5A900B008CB /* MOCommunity.h */ = {isa = PBXFileReference; fileEncoding = 4; lastKnownFileType = sourcecode.c.h; path = MOCommunity.h; sourceTree = "<group>"; };
		ED4E6A7D17B0E5A900B008CB /* MOCommunity.m */ = {isa = PBXFileReference; fileEncoding = 4; lastKnownFileType = sourcecode.c.objc; path = MOCommunity.m; sourceTree = "<group>"; };
		ED7DC34017B225C1007A9D8F /* _MOAccount.h */ = {isa = PBXFileReference; fileEncoding = 4; lastKnownFileType = sourcecode.c.h; path = _MOAccount.h; sourceTree = "<group>"; };
		ED7DC34117B225C1007A9D8F /* _MOAccount.m */ = {isa = PBXFileReference; fileEncoding = 4; lastKnownFileType = sourcecode.c.objc; path = _MOAccount.m; sourceTree = "<group>"; };
		ED7DC34217B225C1007A9D8F /* MOAccount.h */ = {isa = PBXFileReference; fileEncoding = 4; lastKnownFileType = sourcecode.c.h; path = MOAccount.h; sourceTree = "<group>"; };
		ED7DC34317B225C1007A9D8F /* MOAccount.m */ = {isa = PBXFileReference; fileEncoding = 4; lastKnownFileType = sourcecode.c.objc; path = MOAccount.m; sourceTree = "<group>"; };
		EDCE607A17B4C860005B4C67 /* NSString+CompareCommunityId.h */ = {isa = PBXFileReference; fileEncoding = 4; lastKnownFileType = sourcecode.c.h; path = "NSString+CompareCommunityId.h"; sourceTree = "<group>"; };
		EDCE607B17B4C860005B4C67 /* NSString+CompareCommunityId.m */ = {isa = PBXFileReference; fileEncoding = 4; lastKnownFileType = sourcecode.c.objc; path = "NSString+CompareCommunityId.m"; sourceTree = "<group>"; };
/* End PBXFileReference section */

/* Begin PBXFrameworksBuildPhase section */
		DBD33B92179C3706003A41F9 /* Frameworks */ = {
			isa = PBXFrameworksBuildPhase;
			buildActionMask = 2147483647;
			files = (
				ED4E6AF217B0EBC700B008CB /* CoreData.framework in Frameworks */,
				DB1088EA17AFD5F00086BC71 /* Security.framework in Frameworks */,
				DBD33B99179C3706003A41F9 /* Cocoa.framework in Frameworks */,
				DCDED27FE53EFA610062E207 /* libPods.a in Frameworks */,
			);
			runOnlyForDeploymentPostprocessing = 0;
		};
		DBD33BB4179C3707003A41F9 /* Frameworks */ = {
			isa = PBXFrameworksBuildPhase;
			buildActionMask = 2147483647;
			files = (
				DBBE50A717BC158C005D5C9B /* Security.framework in Frameworks */,
				DBD33BBA179C3707003A41F9 /* SenTestingKit.framework in Frameworks */,
				DBD33BBB179C3707003A41F9 /* Cocoa.framework in Frameworks */,
			);
			runOnlyForDeploymentPostprocessing = 0;
		};
/* End PBXFrameworksBuildPhase section */

/* Begin PBXGroup section */
		7EAD5F9D74FFA57CDDD55B3B /* Pods */ = {
			isa = PBXGroup;
			children = (
				B079C8B88C0757FCB21023A2 /* Pods.debug.xcconfig */,
				4230068D339E942CB552E82D /* Pods.test.xcconfig */,
				D0FD6B1291D902E7ACC38562 /* Pods.release.xcconfig */,
			);
			name = Pods;
			sourceTree = "<group>";
		};
		DB5BA5A817B3B0DB004B8B0A /* Controllers */ = {
			isa = PBXGroup;
			children = (
				DB76444E17B5D92F003A79B6 /* Utility */,
				DB2D1F9517A3FF4900183A59 /* MainWindowController.h */,
				DB2D1F9617A3FF4900183A59 /* MainWindowController.m */,
				DB2D1F9717A3FF4900183A59 /* MainWindowController.xib */,
				DB69268017B3BFE400027BBC /* ImportCommunityWindowController.h */,
				DB69268117B3BFE400027BBC /* ImportCommunityWindowController.m */,
				DB69268217B3BFE400027BBC /* ImportCommunityWindowController.xib */,
				DBD2AB1117A2D625005AA7EF /* PreferencesWindowController.h */,
				DBD2AB1217A2D625005AA7EF /* PreferencesWindowController.m */,
				DBD2AB1317A2D625005AA7EF /* PreferencesWindowController.xib */,
			);
			path = Controllers;
			sourceTree = "<group>";
		};
		DB69268717B3F4CB00027BBC /* Resources */ = {
			isa = PBXGroup;
			children = (
				DBBE509A17BBE83A005D5C9B /* icon.icns */,
				DB4E6B4A17BBB1DB0079BA92 /* StartStreamTemplate.png */,
				DB4E6B4D17BBB23A0079BA92 /* StopStreamTemplate.png */,
				DBBE50A017BBF862005D5C9B /* AddCommunityTemplate.png */,
				DBBE50A117BBF862005D5C9B /* RemoveCommunityTemplate.png */,
				DB4E6B5617BBB2750079BA92 /* ImportCommunityTemplate.png */,
				DB4E6B5917BBB27F0079BA92 /* PreferencesTemplate.png */,
				DB8B346117BCEE1D001423E4 /* DefaultSound.aiff */,
				DB8B346217BCEE1D001423E4 /* OptionSound.aiff */,
			);
			name = Resources;
			sourceTree = "<group>";
		};
		DB76444E17B5D92F003A79B6 /* Utility */ = {
			isa = PBXGroup;
			children = (
				DB5BA5A917B3B115004B8B0A /* ConfirmationWindowController.h */,
				DB5BA5AA17B3B115004B8B0A /* ConfirmationWindowController.m */,
				DB5BA5AB17B3B115004B8B0A /* ConfirmationWindowController.xib */,
				DB76445317B5FF70003A79B6 /* AlertLogScrollView.h */,
				DB76445417B5FF70003A79B6 /* AlertLogScrollView.m */,
			);
			name = Utility;
			sourceTree = "<group>";
		};
		DBD33B8C179C3706003A41F9 = {
			isa = PBXGroup;
			children = (
				DBD33B9E179C3706003A41F9 /* AnkokuAlert */,
				DBD33BBE179C3707003A41F9 /* AnkokuAlertTests */,
				DBD33B97179C3706003A41F9 /* Frameworks */,
				DBD33B96179C3706003A41F9 /* Products */,
				7EAD5F9D74FFA57CDDD55B3B /* Pods */,
			);
			sourceTree = "<group>";
		};
		DBD33B96179C3706003A41F9 /* Products */ = {
			isa = PBXGroup;
			children = (
				DBD33B95179C3706003A41F9 /* AnkokuAlert.app */,
				DBD33BB8179C3707003A41F9 /* AnkokuAlertTests.octest */,
			);
			name = Products;
			sourceTree = "<group>";
		};
		DBD33B97179C3706003A41F9 /* Frameworks */ = {
			isa = PBXGroup;
			children = (
				DBD33B98179C3706003A41F9 /* Cocoa.framework */,
				DB1088E917AFD5F00086BC71 /* Security.framework */,
				DBD33BB9179C3707003A41F9 /* SenTestingKit.framework */,
				DBD33B9A179C3706003A41F9 /* Other Frameworks */,
				1D3721E8B32936BBB6F8D402 /* libPods.a */,
			);
			name = Frameworks;
			sourceTree = "<group>";
		};
		DBD33B9A179C3706003A41F9 /* Other Frameworks */ = {
			isa = PBXGroup;
			children = (
				DBD33B9B179C3706003A41F9 /* AppKit.framework */,
				DBD33B9C179C3706003A41F9 /* CoreData.framework */,
				DBD33B9D179C3706003A41F9 /* Foundation.framework */,
			);
			name = "Other Frameworks";
			sourceTree = "<group>";
		};
		DBD33B9E179C3706003A41F9 /* AnkokuAlert */ = {
			isa = PBXGroup;
			children = (
				EDCE607E17B4C86A005B4C67 /* Categories */,
				DBD33BB0179C3707003A41F9 /* AnkokuAlert.xcdatamodeld */,
				ED4E6A7917B0E44F00B008CB /* Models */,
				ED7DC34817B2339F007A9D8F /* Managers */,
				DB5BA5A817B3B0DB004B8B0A /* Controllers */,
				DBD33BAD179C3707003A41F9 /* MainMenu.xib */,
				DBD33BAA179C3706003A41F9 /* AppDelegate.h */,
				DBD33BAB179C3706003A41F9 /* AppDelegate.m */,
				DBD33B9F179C3706003A41F9 /* Supporting Files */,
				DB69268717B3F4CB00027BBC /* Resources */,
			);
			path = AnkokuAlert;
			sourceTree = "<group>";
		};
		DBD33B9F179C3706003A41F9 /* Supporting Files */ = {
			isa = PBXGroup;
			children = (
				DBD33BA0179C3706003A41F9 /* AnkokuAlert-Info.plist */,
				DBBE50A617BC0F54005D5C9B /* AnkokuAlert.entitlements */,
				DBD33BA1179C3706003A41F9 /* InfoPlist.strings */,
				DBD33BA4179C3706003A41F9 /* main.m */,
				DBD33BA6179C3706003A41F9 /* AnkokuAlert-Prefix.pch */,
				DBD33BA7179C3706003A41F9 /* Credits.rtf */,
			);
			name = "Supporting Files";
			sourceTree = "<group>";
		};
		DBD33BBE179C3707003A41F9 /* AnkokuAlertTests */ = {
			isa = PBXGroup;
			children = (
				DB650FDA17A165B000B46806 /* TestAccount.plist.sample */,
				DB650FD817A1650900B46806 /* TestAccount.plist */,
				DBD33BC4179C3707003A41F9 /* AnkokuAlertTests.h */,
				DBD33BC5179C3707003A41F9 /* AnkokuAlertTests.m */,
				DBD33BBF179C3707003A41F9 /* Supporting Files */,
			);
			path = AnkokuAlertTests;
			sourceTree = "<group>";
		};
		DBD33BBF179C3707003A41F9 /* Supporting Files */ = {
			isa = PBXGroup;
			children = (
				DBD33BC0179C3707003A41F9 /* AnkokuAlertTests-Info.plist */,
				DBD33BC1179C3707003A41F9 /* InfoPlist.strings */,
			);
			name = "Supporting Files";
			sourceTree = "<group>";
		};
		ED4E6A7917B0E44F00B008CB /* Models */ = {
			isa = PBXGroup;
			children = (
				ED7DC34017B225C1007A9D8F /* _MOAccount.h */,
				ED7DC34117B225C1007A9D8F /* _MOAccount.m */,
				ED7DC34217B225C1007A9D8F /* MOAccount.h */,
				ED7DC34317B225C1007A9D8F /* MOAccount.m */,
				ED4E6A7A17B0E5A900B008CB /* _MOCommunity.h */,
				ED4E6A7B17B0E5A900B008CB /* _MOCommunity.m */,
				ED4E6A7C17B0E5A900B008CB /* MOCommunity.h */,
				ED4E6A7D17B0E5A900B008CB /* MOCommunity.m */,
			);
			path = Models;
			sourceTree = "<group>";
		};
		ED7DC34817B2339F007A9D8F /* Managers */ = {
			isa = PBXGroup;
			children = (
				DB650FD417A15A1100B46806 /* AlertManager.h */,
				DB650FD517A15A1100B46806 /* AlertManager.m */,
			);
			path = Managers;
			sourceTree = "<group>";
		};
		EDCE607E17B4C86A005B4C67 /* Categories */ = {
			isa = PBXGroup;
			children = (
				EDCE607A17B4C860005B4C67 /* NSString+CompareCommunityId.h */,
				EDCE607B17B4C860005B4C67 /* NSString+CompareCommunityId.m */,
			);
			path = Categories;
			sourceTree = "<group>";
		};
/* End PBXGroup section */

/* Begin PBXNativeTarget section */
		DBD33B94179C3706003A41F9 /* AnkokuAlert */ = {
			isa = PBXNativeTarget;
			buildConfigurationList = DBD33BC9179C3707003A41F9 /* Build configuration list for PBXNativeTarget "AnkokuAlert" */;
			buildPhases = (
				726FA729794162E267616103 /* Check Pods Manifest.lock */,
				DBD33B91179C3706003A41F9 /* Sources */,
				DBD33B92179C3706003A41F9 /* Frameworks */,
				DBD33B93179C3706003A41F9 /* Resources */,
				F8F81F763A3CDEA2368804FF /* Copy Pods Resources */,
			);
			buildRules = (
			);
			dependencies = (
			);
			name = AnkokuAlert;
			productName = AnkokuAlert;
			productReference = DBD33B95179C3706003A41F9 /* AnkokuAlert.app */;
			productType = "com.apple.product-type.application";
		};
		DBD33BB7179C3707003A41F9 /* AnkokuAlertTests */ = {
			isa = PBXNativeTarget;
			buildConfigurationList = DBD33BCC179C3707003A41F9 /* Build configuration list for PBXNativeTarget "AnkokuAlertTests" */;
			buildPhases = (
				DBD33BB3179C3707003A41F9 /* Sources */,
				DBD33BB4179C3707003A41F9 /* Frameworks */,
				DBD33BB5179C3707003A41F9 /* Resources */,
				DBD33BB6179C3707003A41F9 /* ShellScript */,
			);
			buildRules = (
			);
			dependencies = (
				DBD33BBD179C3707003A41F9 /* PBXTargetDependency */,
			);
			name = AnkokuAlertTests;
			productName = AnkokuAlertTests;
			productReference = DBD33BB8179C3707003A41F9 /* AnkokuAlertTests.octest */;
			productType = "com.apple.product-type.bundle.ocunit-test";
		};
/* End PBXNativeTarget section */

/* Begin PBXProject section */
		DBD33B8D179C3706003A41F9 /* Project object */ = {
			isa = PBXProject;
			attributes = {
				LastTestingUpgradeCheck = 0610;
				LastUpgradeCheck = 0610;
				ORGANIZATIONNAME = "Hiroyuki Onishi";
				TargetAttributes = {
					DBD33B94179C3706003A41F9 = {
						DevelopmentTeam = N4SRN3NAQ3;
						SystemCapabilities = {
							com.apple.iCloud = {
								enabled = 0;
							};
						};
					};
				};
			};
			buildConfigurationList = DBD33B90179C3706003A41F9 /* Build configuration list for PBXProject "AnkokuAlert" */;
			compatibilityVersion = "Xcode 3.2";
			developmentRegion = English;
			hasScannedForEncodings = 0;
			knownRegions = (
				en,
			);
			mainGroup = DBD33B8C179C3706003A41F9;
			productRefGroup = DBD33B96179C3706003A41F9 /* Products */;
			projectDirPath = "";
			projectRoot = "";
			targets = (
				DBD33B94179C3706003A41F9 /* AnkokuAlert */,
				DBD33BB7179C3707003A41F9 /* AnkokuAlertTests */,
			);
		};
/* End PBXProject section */

/* Begin PBXResourcesBuildPhase section */
		DBD33B93179C3706003A41F9 /* Resources */ = {
			isa = PBXResourcesBuildPhase;
			buildActionMask = 2147483647;
			files = (
				DBD33BA3179C3706003A41F9 /* InfoPlist.strings in Resources */,
				DBD33BA9179C3706003A41F9 /* Credits.rtf in Resources */,
				DBD33BAF179C3707003A41F9 /* MainMenu.xib in Resources */,
				DBD2AB1617A2D625005AA7EF /* PreferencesWindowController.xib in Resources */,
				DB2D1F9A17A3FF4900183A59 /* MainWindowController.xib in Resources */,
				DB5BA5AE17B3B115004B8B0A /* ConfirmationWindowController.xib in Resources */,
				DB69268517B3BFE400027BBC /* ImportCommunityWindowController.xib in Resources */,
				DB4E6B4B17BBB1DB0079BA92 /* StartStreamTemplate.png in Resources */,
				DB4E6B4E17BBB23A0079BA92 /* StopStreamTemplate.png in Resources */,
				DB4E6B5717BBB2750079BA92 /* ImportCommunityTemplate.png in Resources */,
				DB4E6B5A17BBB27F0079BA92 /* PreferencesTemplate.png in Resources */,
				DBBE509B17BBE83A005D5C9B /* icon.icns in Resources */,
				DBBE50A217BBF862005D5C9B /* AddCommunityTemplate.png in Resources */,
				DBBE50A417BBF862005D5C9B /* RemoveCommunityTemplate.png in Resources */,
				DB8B346317BCEE1D001423E4 /* DefaultSound.aiff in Resources */,
				DB8B346517BCEE1D001423E4 /* OptionSound.aiff in Resources */,
			);
			runOnlyForDeploymentPostprocessing = 0;
		};
		DBD33BB5179C3707003A41F9 /* Resources */ = {
			isa = PBXResourcesBuildPhase;
			buildActionMask = 2147483647;
			files = (
				DBD33BC3179C3707003A41F9 /* InfoPlist.strings in Resources */,
				DB650FDC17A16A5500B46806 /* TestAccount.plist in Resources */,
				DBD2AB1717A2D625005AA7EF /* PreferencesWindowController.xib in Resources */,
				DB2D1F9B17A3FF4900183A59 /* MainWindowController.xib in Resources */,
				DB5BA5AF17B3B115004B8B0A /* ConfirmationWindowController.xib in Resources */,
				DB69268617B3BFE400027BBC /* ImportCommunityWindowController.xib in Resources */,
				DB4E6B4C17BBB1DB0079BA92 /* StartStreamTemplate.png in Resources */,
				DB4E6B4F17BBB23A0079BA92 /* StopStreamTemplate.png in Resources */,
				DB4E6B5817BBB2750079BA92 /* ImportCommunityTemplate.png in Resources */,
				DB4E6B5B17BBB27F0079BA92 /* PreferencesTemplate.png in Resources */,
				DBBE509C17BBE83A005D5C9B /* icon.icns in Resources */,
				DBBE50A317BBF862005D5C9B /* AddCommunityTemplate.png in Resources */,
				DBBE50A517BBF862005D5C9B /* RemoveCommunityTemplate.png in Resources */,
				DB8B346417BCEE1D001423E4 /* DefaultSound.aiff in Resources */,
				DB8B346617BCEE1D001423E4 /* OptionSound.aiff in Resources */,
			);
			runOnlyForDeploymentPostprocessing = 0;
		};
/* End PBXResourcesBuildPhase section */

/* Begin PBXShellScriptBuildPhase section */
		726FA729794162E267616103 /* Check Pods Manifest.lock */ = {
			isa = PBXShellScriptBuildPhase;
			buildActionMask = 2147483647;
			files = (
			);
			inputPaths = (
			);
			name = "Check Pods Manifest.lock";
			outputPaths = (
			);
			runOnlyForDeploymentPostprocessing = 0;
			shellPath = /bin/sh;
			shellScript = "diff \"${PODS_ROOT}/../Podfile.lock\" \"${PODS_ROOT}/Manifest.lock\" > /dev/null\nif [[ $? != 0 ]] ; then\n    cat << EOM\nerror: The sandbox is not in sync with the Podfile.lock. Run 'pod install' or update your CocoaPods installation.\nEOM\n    exit 1\nfi\n";
			showEnvVarsInLog = 0;
		};
		DBD33BB6179C3707003A41F9 /* ShellScript */ = {
			isa = PBXShellScriptBuildPhase;
			buildActionMask = 2147483647;
			files = (
			);
			inputPaths = (
			);
			outputPaths = (
			);
			runOnlyForDeploymentPostprocessing = 0;
			shellPath = /bin/sh;
			shellScript = "# Run the unit tests in this test bundle.\n\"${SYSTEM_DEVELOPER_DIR}/Tools/RunUnitTests\"\n";
		};
		F8F81F763A3CDEA2368804FF /* Copy Pods Resources */ = {
			isa = PBXShellScriptBuildPhase;
			buildActionMask = 2147483647;
			files = (
			);
			inputPaths = (
			);
			name = "Copy Pods Resources";
			outputPaths = (
			);
			runOnlyForDeploymentPostprocessing = 0;
			shellPath = /bin/sh;
			shellScript = "\"${SRCROOT}/Pods/Target Support Files/Pods/Pods-resources.sh\"\n";
			showEnvVarsInLog = 0;
		};
/* End PBXShellScriptBuildPhase section */

/* Begin PBXSourcesBuildPhase section */
		DBD33B91179C3706003A41F9 /* Sources */ = {
			isa = PBXSourcesBuildPhase;
			buildActionMask = 2147483647;
			files = (
				DBD33BA5179C3706003A41F9 /* main.m in Sources */,
				DBD33BAC179C3706003A41F9 /* AppDelegate.m in Sources */,
				DBD33BB2179C3707003A41F9 /* AnkokuAlert.xcdatamodeld in Sources */,
				DB650FD617A15A1100B46806 /* AlertManager.m in Sources */,
				DBD2AB1417A2D625005AA7EF /* PreferencesWindowController.m in Sources */,
				DB2D1F9817A3FF4900183A59 /* MainWindowController.m in Sources */,
				ED4E6A7E17B0E5A900B008CB /* _MOCommunity.m in Sources */,
				ED4E6A8017B0E5A900B008CB /* MOCommunity.m in Sources */,
				ED7DC34417B225C1007A9D8F /* _MOAccount.m in Sources */,
				ED7DC34617B225C1007A9D8F /* MOAccount.m in Sources */,
				DB5BA5AC17B3B115004B8B0A /* ConfirmationWindowController.m in Sources */,
				DB69268317B3BFE400027BBC /* ImportCommunityWindowController.m in Sources */,
				EDCE607C17B4C860005B4C67 /* NSString+CompareCommunityId.m in Sources */,
				DB76445517B5FF70003A79B6 /* AlertLogScrollView.m in Sources */,
			);
			runOnlyForDeploymentPostprocessing = 0;
		};
		DBD33BB3179C3707003A41F9 /* Sources */ = {
			isa = PBXSourcesBuildPhase;
			buildActionMask = 2147483647;
			files = (
				DBD33BC6179C3707003A41F9 /* AnkokuAlertTests.m in Sources */,
				DB650FD717A15A1100B46806 /* AlertManager.m in Sources */,
				DBD2AB1517A2D625005AA7EF /* PreferencesWindowController.m in Sources */,
				DB2D1F9917A3FF4900183A59 /* MainWindowController.m in Sources */,
				ED4E6A7F17B0E5A900B008CB /* _MOCommunity.m in Sources */,
				ED4E6A8117B0E5A900B008CB /* MOCommunity.m in Sources */,
				ED7DC34517B225C1007A9D8F /* _MOAccount.m in Sources */,
				ED7DC34717B225C1007A9D8F /* MOAccount.m in Sources */,
				DB5BA5AD17B3B115004B8B0A /* ConfirmationWindowController.m in Sources */,
				DB69268417B3BFE400027BBC /* ImportCommunityWindowController.m in Sources */,
				EDCE607D17B4C860005B4C67 /* NSString+CompareCommunityId.m in Sources */,
				DB76445617B5FF70003A79B6 /* AlertLogScrollView.m in Sources */,
			);
			runOnlyForDeploymentPostprocessing = 0;
		};
/* End PBXSourcesBuildPhase section */

/* Begin PBXTargetDependency section */
		DBD33BBD179C3707003A41F9 /* PBXTargetDependency */ = {
			isa = PBXTargetDependency;
			target = DBD33B94179C3706003A41F9 /* AnkokuAlert */;
			targetProxy = DBD33BBC179C3707003A41F9 /* PBXContainerItemProxy */;
		};
/* End PBXTargetDependency section */

/* Begin PBXVariantGroup section */
		DBD33BA1179C3706003A41F9 /* InfoPlist.strings */ = {
			isa = PBXVariantGroup;
			children = (
				DBD33BA2179C3706003A41F9 /* en */,
			);
			name = InfoPlist.strings;
			sourceTree = "<group>";
		};
		DBD33BA7179C3706003A41F9 /* Credits.rtf */ = {
			isa = PBXVariantGroup;
			children = (
				DBD33BA8179C3706003A41F9 /* en */,
			);
			name = Credits.rtf;
			sourceTree = "<group>";
		};
		DBD33BAD179C3707003A41F9 /* MainMenu.xib */ = {
			isa = PBXVariantGroup;
			children = (
				DBD33BAE179C3707003A41F9 /* en */,
			);
			name = MainMenu.xib;
			sourceTree = "<group>";
		};
		DBD33BC1179C3707003A41F9 /* InfoPlist.strings */ = {
			isa = PBXVariantGroup;
			children = (
				DBD33BC2179C3707003A41F9 /* en */,
			);
			name = InfoPlist.strings;
			sourceTree = "<group>";
		};
/* End PBXVariantGroup section */

/* Begin XCBuildConfiguration section */
		DBBE50A817BC17A2005D5C9B /* Test */ = {
			isa = XCBuildConfiguration;
			buildSettings = {
				ALWAYS_SEARCH_USER_PATHS = NO;
				CLANG_CXX_LANGUAGE_STANDARD = "gnu++0x";
				CLANG_CXX_LIBRARY = "libc++";
				CLANG_ENABLE_OBJC_ARC = YES;
				CLANG_WARN_CONSTANT_CONVERSION = YES;
				CLANG_WARN_EMPTY_BODY = YES;
				CLANG_WARN_ENUM_CONVERSION = YES;
				CLANG_WARN_INT_CONVERSION = YES;
				CLANG_WARN__DUPLICATE_METHOD_MATCH = YES;
				COPY_PHASE_STRIP = NO;
				GCC_C_LANGUAGE_STANDARD = gnu99;
				GCC_DYNAMIC_NO_PIC = NO;
				GCC_ENABLE_OBJC_EXCEPTIONS = YES;
				GCC_OPTIMIZATION_LEVEL = 0;
				GCC_PREPROCESSOR_DEFINITIONS = (
					"DEBUG=1",
					"$(inherited)",
				);
				GCC_SYMBOLS_PRIVATE_EXTERN = NO;
				GCC_WARN_64_TO_32_BIT_CONVERSION = YES;
				GCC_WARN_ABOUT_RETURN_TYPE = YES;
				GCC_WARN_UNINITIALIZED_AUTOS = YES;
				GCC_WARN_UNUSED_VARIABLE = YES;
				MACOSX_DEPLOYMENT_TARGET = 10.8;
				ONLY_ACTIVE_ARCH = YES;
				OTHER_LDFLAGS = "";
				SDKROOT = macosx;
			};
			name = Test;
		};
		DBBE50A917BC17A2005D5C9B /* Test */ = {
			isa = XCBuildConfiguration;
			baseConfigurationReference = 4230068D339E942CB552E82D /* Pods.test.xcconfig */;
			buildSettings = {
				CODE_SIGN_ENTITLEMENTS = AnkokuAlert/AnkokuAlert.entitlements;
				CODE_SIGN_IDENTITY = "Mac Developer";
				"CODE_SIGN_IDENTITY[sdk=macosx*]" = "Mac Developer";
				COMBINE_HIDPI_IMAGES = YES;
				GCC_PRECOMPILE_PREFIX_HEADER = YES;
				GCC_PREFIX_HEADER = "AnkokuAlert/AnkokuAlert-Prefix.pch";
				INFOPLIST_FILE = "AnkokuAlert/AnkokuAlert-Info.plist";
				PRODUCT_NAME = "$(TARGET_NAME)";
				PROVISIONING_PROFILE = "";
				WRAPPER_EXTENSION = app;
			};
			name = Test;
		};
		DBBE50AA17BC17A2005D5C9B /* Test */ = {
			isa = XCBuildConfiguration;
			buildSettings = {
				BUNDLE_LOADER = "";
				COMBINE_HIDPI_IMAGES = YES;
				FRAMEWORK_SEARCH_PATHS = "\"$(DEVELOPER_LIBRARY_DIR)/Frameworks\"";
				GCC_PRECOMPILE_PREFIX_HEADER = YES;
				GCC_PREFIX_HEADER = "AnkokuAlert/AnkokuAlert-Prefix.pch";
				INFOPLIST_FILE = "AnkokuAlertTests/AnkokuAlertTests-Info.plist";
				OTHER_LDFLAGS = "";
				PRODUCT_NAME = "$(TARGET_NAME)";
				TEST_HOST = "$(BUNDLE_LOADER)";
				WRAPPER_EXTENSION = octest;
			};
			name = Test;
		};
		DBD33BC7179C3707003A41F9 /* Debug */ = {
			isa = XCBuildConfiguration;
			buildSettings = {
				ALWAYS_SEARCH_USER_PATHS = NO;
				CLANG_CXX_LANGUAGE_STANDARD = "gnu++0x";
				CLANG_CXX_LIBRARY = "libc++";
				CLANG_ENABLE_OBJC_ARC = YES;
				CLANG_WARN_CONSTANT_CONVERSION = YES;
				CLANG_WARN_EMPTY_BODY = YES;
				CLANG_WARN_ENUM_CONVERSION = YES;
				CLANG_WARN_INT_CONVERSION = YES;
				CLANG_WARN__DUPLICATE_METHOD_MATCH = YES;
				COPY_PHASE_STRIP = NO;
				GCC_C_LANGUAGE_STANDARD = gnu99;
				GCC_DYNAMIC_NO_PIC = NO;
				GCC_ENABLE_OBJC_EXCEPTIONS = YES;
				GCC_OPTIMIZATION_LEVEL = 0;
				GCC_PREPROCESSOR_DEFINITIONS = (
					"DEBUG=1",
					"$(inherited)",
				);
				GCC_SYMBOLS_PRIVATE_EXTERN = NO;
				GCC_WARN_64_TO_32_BIT_CONVERSION = YES;
				GCC_WARN_ABOUT_RETURN_TYPE = YES;
				GCC_WARN_UNINITIALIZED_AUTOS = YES;
				GCC_WARN_UNUSED_VARIABLE = YES;
				MACOSX_DEPLOYMENT_TARGET = 10.8;
				ONLY_ACTIVE_ARCH = YES;
				OTHER_LDFLAGS = "";
				SDKROOT = macosx;
			};
			name = Debug;
		};
		DBD33BC8179C3707003A41F9 /* Release */ = {
			isa = XCBuildConfiguration;
			buildSettings = {
				ALWAYS_SEARCH_USER_PATHS = NO;
				CLANG_CXX_LANGUAGE_STANDARD = "gnu++0x";
				CLANG_CXX_LIBRARY = "libc++";
				CLANG_ENABLE_OBJC_ARC = YES;
				CLANG_WARN_CONSTANT_CONVERSION = YES;
				CLANG_WARN_EMPTY_BODY = YES;
				CLANG_WARN_ENUM_CONVERSION = YES;
				CLANG_WARN_INT_CONVERSION = YES;
				CLANG_WARN__DUPLICATE_METHOD_MATCH = YES;
				COPY_PHASE_STRIP = YES;
				DEBUG_INFORMATION_FORMAT = "dwarf-with-dsym";
				GCC_C_LANGUAGE_STANDARD = gnu99;
				GCC_ENABLE_OBJC_EXCEPTIONS = YES;
				GCC_WARN_64_TO_32_BIT_CONVERSION = YES;
				GCC_WARN_ABOUT_RETURN_TYPE = YES;
				GCC_WARN_UNINITIALIZED_AUTOS = YES;
				GCC_WARN_UNUSED_VARIABLE = YES;
				MACOSX_DEPLOYMENT_TARGET = 10.8;
				OTHER_LDFLAGS = "";
				SDKROOT = macosx;
			};
			name = Release;
		};
		DBD33BCA179C3707003A41F9 /* Debug */ = {
			isa = XCBuildConfiguration;
			baseConfigurationReference = B079C8B88C0757FCB21023A2 /* Pods.debug.xcconfig */;
			buildSettings = {
				CODE_SIGN_ENTITLEMENTS = AnkokuAlert/AnkokuAlert.entitlements;
				CODE_SIGN_IDENTITY = "Mac Developer";
				"CODE_SIGN_IDENTITY[sdk=macosx*]" = "Mac Developer";
				COMBINE_HIDPI_IMAGES = YES;
				GCC_PRECOMPILE_PREFIX_HEADER = YES;
				GCC_PREFIX_HEADER = "AnkokuAlert/AnkokuAlert-Prefix.pch";
				INFOPLIST_FILE = "AnkokuAlert/AnkokuAlert-Info.plist";
				PRODUCT_NAME = "$(TARGET_NAME)";
				PROVISIONING_PROFILE = "";
				WRAPPER_EXTENSION = app;
			};
			name = Debug;
		};
		DBD33BCB179C3707003A41F9 /* Release */ = {
			isa = XCBuildConfiguration;
			baseConfigurationReference = D0FD6B1291D902E7ACC38562 /* Pods.release.xcconfig */;
			buildSettings = {
				CODE_SIGN_ENTITLEMENTS = AnkokuAlert/AnkokuAlert.entitlements;
				CODE_SIGN_IDENTITY = "Mac Developer";
				"CODE_SIGN_IDENTITY[sdk=macosx*]" = "Mac Developer";
				COMBINE_HIDPI_IMAGES = YES;
				GCC_PRECOMPILE_PREFIX_HEADER = YES;
				GCC_PREFIX_HEADER = "AnkokuAlert/AnkokuAlert-Prefix.pch";
				INFOPLIST_FILE = "AnkokuAlert/AnkokuAlert-Info.plist";
				PRODUCT_NAME = "$(TARGET_NAME)";
				PROVISIONING_PROFILE = "";
				WRAPPER_EXTENSION = app;
			};
			name = Release;
		};
		DBD33BCD179C3707003A41F9 /* Debug */ = {
			isa = XCBuildConfiguration;
			buildSettings = {
				BUNDLE_LOADER = "$(BUILT_PRODUCTS_DIR)/AnkokuAlert.app/Contents/MacOS/AnkokuAlert";
				COMBINE_HIDPI_IMAGES = YES;
				FRAMEWORK_SEARCH_PATHS = "\"$(DEVELOPER_LIBRARY_DIR)/Frameworks\"";
				GCC_PRECOMPILE_PREFIX_HEADER = YES;
				GCC_PREFIX_HEADER = "AnkokuAlert/AnkokuAlert-Prefix.pch";
				INFOPLIST_FILE = "AnkokuAlertTests/AnkokuAlertTests-Info.plist";
				OTHER_LDFLAGS = "";
				PRODUCT_NAME = "$(TARGET_NAME)";
				TEST_HOST = "$(BUNDLE_LOADER)";
				WRAPPER_EXTENSION = octest;
			};
			name = Debug;
		};
		DBD33BCE179C3707003A41F9 /* Release */ = {
			isa = XCBuildConfiguration;
			buildSettings = {
				BUNDLE_LOADER = "$(BUILT_PRODUCTS_DIR)/AnkokuAlert.app/Contents/MacOS/AnkokuAlert";
				COMBINE_HIDPI_IMAGES = YES;
				FRAMEWORK_SEARCH_PATHS = "\"$(DEVELOPER_LIBRARY_DIR)/Frameworks\"";
				GCC_PRECOMPILE_PREFIX_HEADER = YES;
				GCC_PREFIX_HEADER = "AnkokuAlert/AnkokuAlert-Prefix.pch";
				INFOPLIST_FILE = "AnkokuAlertTests/AnkokuAlertTests-Info.plist";
				OTHER_LDFLAGS = "";
				PRODUCT_NAME = "$(TARGET_NAME)";
				TEST_HOST = "$(BUNDLE_LOADER)";
				WRAPPER_EXTENSION = octest;
			};
			name = Release;
		};
/* End XCBuildConfiguration section */

/* Begin XCConfigurationList section */
		DBD33B90179C3706003A41F9 /* Build configuration list for PBXProject "AnkokuAlert" */ = {
			isa = XCConfigurationList;
			buildConfigurations = (
				DBD33BC7179C3707003A41F9 /* Debug */,
				DBBE50A817BC17A2005D5C9B /* Test */,
				DBD33BC8179C3707003A41F9 /* Release */,
			);
			defaultConfigurationIsVisible = 0;
			defaultConfigurationName = Release;
		};
		DBD33BC9179C3707003A41F9 /* Build configuration list for PBXNativeTarget "AnkokuAlert" */ = {
			isa = XCConfigurationList;
			buildConfigurations = (
				DBD33BCA179C3707003A41F9 /* Debug */,
				DBBE50A917BC17A2005D5C9B /* Test */,
				DBD33BCB179C3707003A41F9 /* Release */,
			);
			defaultConfigurationIsVisible = 0;
			defaultConfigurationName = Release;
		};
		DBD33BCC179C3707003A41F9 /* Build configuration list for PBXNativeTarget "AnkokuAlertTests" */ = {
			isa = XCConfigurationList;
			buildConfigurations = (
				DBD33BCD179C3707003A41F9 /* Debug */,
				DBBE50AA17BC17A2005D5C9B /* Test */,
				DBD33BCE179C3707003A41F9 /* Release */,
			);
			defaultConfigurationIsVisible = 0;
			defaultConfigurationName = Release;
		};
/* End XCConfigurationList section */

/* Begin XCVersionGroup section */
		DBD33BB0179C3707003A41F9 /* AnkokuAlert.xcdatamodeld */ = {
			isa = XCVersionGroup;
			children = (
				DBD33BB1179C3707003A41F9 /* AnkokuAlert.xcdatamodel */,
			);
			currentVersion = DBD33BB1179C3707003A41F9 /* AnkokuAlert.xcdatamodel */;
			path = AnkokuAlert.xcdatamodeld;
			sourceTree = "<group>";
			versionGroupType = wrapper.xcdatamodel;
		};
/* End XCVersionGroup section */
	};
	rootObject = DBD33B8D179C3706003A41F9 /* Project object */;
}
